<?xml version="1.0" encoding="UTF-8"?>
<Scheme
   LastUpgradeVersion = "1320"
   version = "1.3">
   <BuildAction
      parallelizeBuildables = "YES"
      buildImplicitDependencies = "YES">
      <BuildActionEntries>
         <BuildActionEntry
            buildForTesting = "YES"
            buildForRunning = "YES"
            buildForProfiling = "YES"
            buildForArchiving = "YES"
            buildForAnalyzing = "YES">
            <BuildableReference
               BuildableIdentifier = "primary"
               BlueprintIdentifier = "6A3FB93F29BF7D900017EF15"
               BuildableName = "SINGER"
               BlueprintName = "SINGER"
               ReferencedContainer = "container:SINGER.xcodeproj">
            </BuildableReference>
         </BuildActionEntry>
      </BuildActionEntries>
   </BuildAction>
   <TestAction
      buildConfiguration = "Debug"
      selectedDebuggerIdentifier = "Xcode.DebuggerFoundation.Debugger.LLDB"
      selectedLauncherIdentifier = "Xcode.DebuggerFoundation.Launcher.LLDB"
      shouldUseLaunchSchemeArgsEnv = "YES">
      <Testables>
      </Testables>
   </TestAction>
   <LaunchAction
      buildConfiguration = "Debug"
      selectedDebuggerIdentifier = "Xcode.DebuggerFoundation.Debugger.LLDB"
      selectedLauncherIdentifier = "Xcode.DebuggerFoundation.Launcher.LLDB"
      launchStyle = "0"
      useCustomWorkingDirectory = "NO"
      ignoresPersistentStateOnLaunch = "NO"
      debugDocumentVersioning = "YES"
      debugServiceExtension = "internal"
      allowLocationSimulation = "YES">
      <BuildableProductRunnable
         runnableDebuggingMode = "0">
         <BuildableReference
            BuildableIdentifier = "primary"
            BlueprintIdentifier = "6A3FB93F29BF7D900017EF15"
            BuildableName = "SINGER"
            BlueprintName = "SINGER"
            ReferencedContainer = "container:SINGER.xcodeproj">
         </BuildableReference>
      </BuildableProductRunnable>
      <CommandLineArguments>
         <CommandLineArgument
            argument = "-Ne 1e4 -mut_map /Users/yun_deng/Desktop/SINGER/arg_files/mut_map_0.txt -recomb_map /Users/yun_deng/Desktop/SINGER/arg_files/recomb_map_0.txt -input /Users/yun_deng/Desktop/SINGER/arg_files/recomb_map_0 -output /Users/yun_deng/Desktop/SINGER/arg_files/recomb_map_0 -n 100 -thin 20 -start 0 -end 1e6 -polar 0.99"
            isEnabled = "NO">
         </CommandLineArgument>
         <CommandLineArgument
            argument = "-Ne 1e4 -mut_map /Users/yun_deng/Desktop/SINGER/arg_files/mut_map_0.txt -recomb_map /Users/yun_deng/Desktop/SINGER/arg_files/const_rec_map_0.txt -input /Users/yun_deng/Desktop/SINGER/arg_files/50_0 -output /Users/yun_deng/Desktop/SINGER/arg_files/50_0 -n 100 -thin 20 -start 0 -end 1e6 -polar 0.99"
            isEnabled = "YES">
         </CommandLineArgument>
      </CommandLineArguments>
   </LaunchAction>
   <ProfileAction
      buildConfiguration = "Release"
      shouldUseLaunchSchemeArgsEnv = "YES"
      savedToolIdentifier = ""
      useCustomWorkingDirectory = "NO"
      debugDocumentVersioning = "YES">
      <BuildableProductRunnable
         runnableDebuggingMode = "0">
         <BuildableReference
            BuildableIdentifier = "primary"
            BlueprintIdentifier = "6A3FB93F29BF7D900017EF15"
            BuildableName = "SINGER"
            BlueprintName = "SINGER"
            ReferencedContainer = "container:SINGER.xcodeproj">
         </BuildableReference>
      </BuildableProductRunnable>
   </ProfileAction>
   <AnalyzeAction
      buildConfiguration = "Debug">
   </AnalyzeAction>
   <ArchiveAction
      buildConfiguration = "Release"
      revealArchiveInOrganizer = "YES">
   </ArchiveAction>
</Scheme>
