<?xml version="1.0" encoding="UTF-8"?>
<Scheme
   LastUpgradeVersion = "1320"
   version = "1.3">
   <BuildAction
      parallelizeBuildables = "YES"
      buildImplicitDependencies = "YES">
      <BuildActionEntries>
         <BuildActionEntry
            buildForTesting = "YES"
            buildForRunning = "YES"
            buildForProfiling = "YES"
            buildForArchiving = "YES"
            buildForAnalyzing = "YES">
            <BuildableReference
               BuildableIdentifier = "primary"
               BlueprintIdentifier = "6A3FB93F29BF7D900017EF15"
               BuildableName = "SINGER"
               BlueprintName = "SINGER"
               ReferencedContainer = "container:SINGER.xcodeproj">
            </BuildableReference>
         </BuildActionEntry>
      </BuildActionEntries>
   </BuildAction>
   <TestAction
      buildConfiguration = "Debug"
      selectedDebuggerIdentifier = "Xcode.DebuggerFoundation.Debugger.LLDB"
      selectedLauncherIdentifier = "Xcode.DebuggerFoundation.Launcher.LLDB"
      shouldUseLaunchSchemeArgsEnv = "YES">
      <Testables>
      </Testables>
   </TestAction>
   <LaunchAction
      buildConfiguration = "Debug"
      selectedDebuggerIdentifier = "Xcode.DebuggerFoundation.Debugger.LLDB"
      selectedLauncherIdentifier = "Xcode.DebuggerFoundation.Launcher.LLDB"
      launchStyle = "0"
      useCustomWorkingDirectory = "NO"
      ignoresPersistentStateOnLaunch = "NO"
      debugDocumentVersioning = "YES"
      debugServiceExtension = "internal"
      allowLocationSimulation = "YES">
      <BuildableProductRunnable
         runnableDebuggingMode = "0">
         <BuildableReference
            BuildableIdentifier = "primary"
            BlueprintIdentifier = "6A3FB93F29BF7D900017EF15"
            BuildableName = "SINGER"
            BlueprintName = "SINGER"
            ReferencedContainer = "container:SINGER.xcodeproj">
         </BuildableReference>
      </BuildableProductRunnable>
      <CommandLineArguments>
         <CommandLineArgument
            argument = "-Ne 1e4 -m 2e-8 -r 2e-8 -input  /Users/yun_deng/Desktop/SINGER/arg_files/200_0 -output  /Users/yun_deng/Desktop/SINGER/arg_files/200_0 -start 0 -end 1000000 -n 0 -thin 1"
            isEnabled = "YES">
         </CommandLineArgument>
         <CommandLineArgument
            argument = "-fast -Ne 1e4 -m 2e-8 -r 2e-8 -input /Users/yun_deng/Desktop/SINGER/arg_files/500_6 -output /Users/yun_deng/Desktop/SINGER/arg_files/500_6 -start 0 -end 1e6 -polar 0.99 -n 1000 -thin 5 -debug"
            isEnabled = "NO">
         </CommandLineArgument>
         <CommandLineArgument
            argument = "-Ne 2e4 -m 1.2e-8 -r 1.2e-8 -input /Users/yun_deng/Desktop/SINGER/arg_files/1.subsampled -output /Users/yun_deng/Desktop/SINGER/arg_files/african_subsample_6_32_33 -start 32000000 -end 33000000 -n 6000 -thin 1 -resume"
            isEnabled = "NO">
         </CommandLineArgument>
         <CommandLineArgument
            argument = "-Ne 2e4 -m 1.2e-8 -r 1.2e-8 -input &quot;/Users/yun_deng/Desktop/SINGER/arg_files/4.subsampled&quot; -output &quot;/Users/yun_deng/Desktop/SINGER/arg_files/african_subsample_4_189_190&quot; -start 189e6 -end 190e6 -n 1 -thin 1 -resume"
            isEnabled = "NO">
         </CommandLineArgument>
         <CommandLineArgument
            argument = "-fast -Ne 1e4 -m 2e-8 -r 2e-8 -input &quot;/Users/yun_deng/Desktop/SINGER/arg_files/smc_50_0&quot; -output &quot;/Users/yun_deng/Desktop/SINGER/arg_files/smc_50_0&quot; -start 0 -end 1e6 -polar 0.99"
            isEnabled = "NO">
         </CommandLineArgument>
         <CommandLineArgument
            argument = "-Ne 250000 -m 1.8e-8 -r 1.8e-8 -input /Users/yun_deng/Desktop/SINGER/arg_files/region270 -output /Users/yun_deng/Desktop/SINGER/arg_files/region270 -start 40935168 -end 40971332 -n 1000 -thin 1 -resume"
            isEnabled = "NO">
         </CommandLineArgument>
      </CommandLineArguments>
   </LaunchAction>
   <ProfileAction
      buildConfiguration = "Release"
      shouldUseLaunchSchemeArgsEnv = "YES"
      savedToolIdentifier = ""
      useCustomWorkingDirectory = "NO"
      debugDocumentVersioning = "YES">
      <BuildableProductRunnable
         runnableDebuggingMode = "0">
         <BuildableReference
            BuildableIdentifier = "primary"
            BlueprintIdentifier = "6A3FB93F29BF7D900017EF15"
            BuildableName = "SINGER"
            BlueprintName = "SINGER"
            ReferencedContainer = "container:SINGER.xcodeproj">
         </BuildableReference>
      </BuildableProductRunnable>
   </ProfileAction>
   <AnalyzeAction
      buildConfiguration = "Debug">
   </AnalyzeAction>
   <ArchiveAction
      buildConfiguration = "Release"
      revealArchiveInOrganizer = "YES">
   </ArchiveAction>
</Scheme>
