<?xml version="1.0" encoding="UTF-8"?>
<Scheme
   LastUpgradeVersion = "1320"
   version = "1.3">
   <BuildAction
      parallelizeBuildables = "YES"
      buildImplicitDependencies = "YES">
      <BuildActionEntries>
         <BuildActionEntry
            buildForTesting = "YES"
            buildForRunning = "YES"
            buildForProfiling = "YES"
            buildForArchiving = "YES"
            buildForAnalyzing = "YES">
            <BuildableReference
               BuildableIdentifier = "primary"
               BlueprintIdentifier = "6A3FB93F29BF7D900017EF15"
               BuildableName = "SINGER"
               BlueprintName = "SINGER"
               ReferencedContainer = "container:SINGER.xcodeproj">
            </BuildableReference>
         </BuildActionEntry>
      </BuildActionEntries>
   </BuildAction>
   <TestAction
      buildConfiguration = "Debug"
      selectedDebuggerIdentifier = "Xcode.DebuggerFoundation.Debugger.LLDB"
      selectedLauncherIdentifier = "Xcode.DebuggerFoundation.Launcher.LLDB"
      shouldUseLaunchSchemeArgsEnv = "YES">
      <Testables>
      </Testables>
   </TestAction>
   <LaunchAction
      buildConfiguration = "Debug"
      selectedDebuggerIdentifier = "Xcode.DebuggerFoundation.Debugger.LLDB"
      selectedLauncherIdentifier = "Xcode.DebuggerFoundation.Launcher.LLDB"
      launchStyle = "0"
      useCustomWorkingDirectory = "NO"
      ignoresPersistentStateOnLaunch = "NO"
      debugDocumentVersioning = "YES"
      debugServiceExtension = "internal"
      allowLocationSimulation = "YES">
      <BuildableProductRunnable
         runnableDebuggingMode = "0">
         <BuildableReference
            BuildableIdentifier = "primary"
            BlueprintIdentifier = "6A3FB93F29BF7D900017EF15"
            BuildableName = "SINGER"
            BlueprintName = "SINGER"
            ReferencedContainer = "container:SINGER.xcodeproj">
         </BuildableReference>
      </BuildableProductRunnable>
      <CommandLineArguments>
         <CommandLineArgument
            argument = "-Ne 1e4 -m 2e-8 -r 2e-8 -input  /Users/yun_deng/Desktop/SINGER/arg_files/50_0 -output  /Users/yun_deng/Desktop/SINGER/arg_files/50_0 -polar 0.99 -start 0 -end 1e6 -n 0 -thin 1"
            isEnabled = "NO">
         </CommandLineArgument>
         <CommandLineArgument
            argument = "-Ne 1e4 -m 1e-8 -r 1e-8 -input /Users/yun_deng/Desktop/POLEGON/arg_files/migration -output /Users/yun_deng/Desktop/POLEGON/arg_files/migration -start 0 -end 2e6 -n 0 -thin 1 -polar 0.99"
            isEnabled = "NO">
         </CommandLineArgument>
         <CommandLineArgument
            argument = "-fast -Ne 1e4 -m 2e-8 -r 2e-8 -input /Users/yun_deng/Desktop/SINGER/arg_files/500_6 -output /Users/yun_deng/Desktop/SINGER/arg_files/500_6 -start 0 -end 1e6 -polar 0.99 -n 1000 -thin 5 -debug"
            isEnabled = "NO">
         </CommandLineArgument>
         <CommandLineArgument
            argument = "-Ne 1.5e4 -m 1.2e-8 -r 1.2e-9 -input /Users/yun_deng/Desktop/SINGER/arg_files/CEU_KGP4_TRIO_UNRELATED_PARENTS_MAC1_10Mbp -output /Users/yun_deng/Desktop/SINGER/arg_files/CEU_KGP4_TRIO_UNRELATED_PARENTS_MAC1_10Mbp -start 24620600 -end 34620600 -n 5 -thin 10"
            isEnabled = "NO">
         </CommandLineArgument>
         <CommandLineArgument
            argument = "-Ne 1e4 -m 1.2e-8 -r 1.2e-8 -input  /Users/yun_deng/Desktop/SINGER/arg_files/ceu_ts_0 -output  /Users/yun_deng/Desktop/SINGER/arg_files/ceu_ts_0 -polar 0.99 -start 9000000 -end 10000000 -n 100 -thin 20"
            isEnabled = "YES">
         </CommandLineArgument>
         <CommandLineArgument
            argument = "-Ne 2.5e5 -m 1.8e-8  -r 9e-8 -input /Users/yun_deng/Desktop/SINGER/arg_files/region101 -output /Users/yun_deng/Desktop/SINGER/arg_files/region101 -n 100 -thin 10 -start 51883700 -end 52880300 -penalty 0.001"
            isEnabled = "NO">
         </CommandLineArgument>
      </CommandLineArguments>
   </LaunchAction>
   <ProfileAction
      buildConfiguration = "Release"
      shouldUseLaunchSchemeArgsEnv = "YES"
      savedToolIdentifier = ""
      useCustomWorkingDirectory = "NO"
      debugDocumentVersioning = "YES">
      <BuildableProductRunnable
         runnableDebuggingMode = "0">
         <BuildableReference
            BuildableIdentifier = "primary"
            BlueprintIdentifier = "6A3FB93F29BF7D900017EF15"
            BuildableName = "SINGER"
            BlueprintName = "SINGER"
            ReferencedContainer = "container:SINGER.xcodeproj">
         </BuildableReference>
      </BuildableProductRunnable>
   </ProfileAction>
   <AnalyzeAction
      buildConfiguration = "Debug">
   </AnalyzeAction>
   <ArchiveAction
      buildConfiguration = "Release"
      revealArchiveInOrganizer = "YES">
   </ArchiveAction>
</Scheme>
