// !$*UTF8*$!
{
	archiveVersion = 1;
	classes = {
	};
	objectVersion = 55;
	objects = {

/* Begin PBXBuildFile section */
		6A3FB94429BF7D900017EF15 /* main.cpp in Sources */ = {isa = PBXBuildFile; fileRef = 6A3FB94329BF7D900017EF15 /* main.cpp */; };
		6A3FB94C29BF7FF50017EF15 /* Node.cpp in Sources */ = {isa = PBXBuildFile; fileRef = 6A3FB94A29BF7FF50017EF15 /* Node.cpp */; };
		6A3FB94F29BF81720017EF15 /* Branch.cpp in Sources */ = {isa = PBXBuildFile; fileRef = 6A3FB94D29BF81720017EF15 /* Branch.cpp */; };
		6A3FB95229BF861D0017EF15 /* Tree.cpp in Sources */ = {isa = PBXBuildFile; fileRef = 6A3FB95029BF861D0017EF15 /* Tree.cpp */; };
		6A3FB95529BF86480017EF15 /* Recombination.cpp in Sources */ = {isa = PBXBuildFile; fileRef = 6A3FB95429BF86480017EF15 /* Recombination.cpp */; };
/* End PBXBuildFile section */

/* Begin PBXCopyFilesBuildPhase section */
		6A3FB93E29BF7D900017EF15 /* CopyFiles */ = {
			isa = PBXCopyFilesBuildPhase;
			buildActionMask = 2147483647;
			dstPath = /usr/share/man/man1/;
			dstSubfolderSpec = 0;
			files = (
			);
			runOnlyForDeploymentPostprocessing = 1;
		};
/* End PBXCopyFilesBuildPhase section */

/* Begin PBXFileReference section */
		6A3FB94029BF7D900017EF15 /* SINGER */ = {isa = PBXFileReference; explicitFileType = "compiled.mach-o.executable"; includeInIndex = 0; path = SINGER; sourceTree = BUILT_PRODUCTS_DIR; };
		6A3FB94329BF7D900017EF15 /* main.cpp */ = {isa = PBXFileReference; lastKnownFileType = sourcecode.cpp.cpp; path = main.cpp; sourceTree = "<group>"; };
		6A3FB94A29BF7FF50017EF15 /* Node.cpp */ = {isa = PBXFileReference; fileEncoding = 4; lastKnownFileType = sourcecode.cpp.cpp; path = Node.cpp; sourceTree = "<group>"; };
		6A3FB94B29BF7FF50017EF15 /* Node.hpp */ = {isa = PBXFileReference; fileEncoding = 4; lastKnownFileType = sourcecode.cpp.h; path = Node.hpp; sourceTree = "<group>"; };
		6A3FB94D29BF81720017EF15 /* Branch.cpp */ = {isa = PBXFileReference; fileEncoding = 4; lastKnownFileType = sourcecode.cpp.cpp; path = Branch.cpp; sourceTree = "<group>"; };
		6A3FB94E29BF81720017EF15 /* Branch.hpp */ = {isa = PBXFileReference; fileEncoding = 4; lastKnownFileType = sourcecode.cpp.h; path = Branch.hpp; sourceTree = "<group>"; };
		6A3FB95029BF861D0017EF15 /* Tree.cpp */ = {isa = PBXFileReference; fileEncoding = 4; lastKnownFileType = sourcecode.cpp.cpp; path = Tree.cpp; sourceTree = "<group>"; };
		6A3FB95129BF861D0017EF15 /* Tree.hpp */ = {isa = PBXFileReference; fileEncoding = 4; lastKnownFileType = sourcecode.cpp.h; path = Tree.hpp; sourceTree = "<group>"; };
		6A3FB95329BF86480017EF15 /* Recombination.hpp */ = {isa = PBXFileReference; fileEncoding = 4; lastKnownFileType = sourcecode.cpp.h; path = Recombination.hpp; sourceTree = "<group>"; };
		6A3FB95429BF86480017EF15 /* Recombination.cpp */ = {isa = PBXFileReference; fileEncoding = 4; lastKnownFileType = sourcecode.cpp.cpp; path = Recombination.cpp; sourceTree = "<group>"; };
/* End PBXFileReference section */

/* Begin PBXFrameworksBuildPhase section */
		6A3FB93D29BF7D900017EF15 /* Frameworks */ = {
			isa = PBXFrameworksBuildPhase;
			buildActionMask = 2147483647;
			files = (
			);
			runOnlyForDeploymentPostprocessing = 0;
		};
/* End PBXFrameworksBuildPhase section */

/* Begin PBXGroup section */
		6A3FB93729BF7D900017EF15 = {
			isa = PBXGroup;
			children = (
				6A3FB94229BF7D900017EF15 /* SINGER */,
				6A3FB94129BF7D900017EF15 /* Products */,
			);
			sourceTree = "<group>";
		};
		6A3FB94129BF7D900017EF15 /* Products */ = {
			isa = PBXGroup;
			children = (
				6A3FB94029BF7D900017EF15 /* SINGER */,
			);
			name = Products;
			sourceTree = "<group>";
		};
		6A3FB94229BF7D900017EF15 /* SINGER */ = {
			isa = PBXGroup;
			children = (
				6A3FB95429BF86480017EF15 /* Recombination.cpp */,
				6A3FB95329BF86480017EF15 /* Recombination.hpp */,
				6A3FB95029BF861D0017EF15 /* Tree.cpp */,
				6A3FB95129BF861D0017EF15 /* Tree.hpp */,
				6A3FB94D29BF81720017EF15 /* Branch.cpp */,
				6A3FB94E29BF81720017EF15 /* Branch.hpp */,
				6A3FB94A29BF7FF50017EF15 /* Node.cpp */,
				6A3FB94B29BF7FF50017EF15 /* Node.hpp */,
				6A3FB94329BF7D900017EF15 /* main.cpp */,
			);
			path = SINGER;
			sourceTree = "<group>";
		};
/* End PBXGroup section */

/* Begin PBXNativeTarget section */
		6A3FB93F29BF7D900017EF15 /* SINGER */ = {
			isa = PBXNativeTarget;
			buildConfigurationList = 6A3FB94729BF7D900017EF15 /* Build configuration list for PBXNativeTarget "SINGER" */;
			buildPhases = (
				6A3FB93C29BF7D900017EF15 /* Sources */,
				6A3FB93D29BF7D900017EF15 /* Frameworks */,
				6A3FB93E29BF7D900017EF15 /* CopyFiles */,
			);
			buildRules = (
			);
			dependencies = (
			);
			name = SINGER;
			productName = SINGER;
			productReference = 6A3FB94029BF7D900017EF15 /* SINGER */;
			productType = "com.apple.product-type.tool";
		};
/* End PBXNativeTarget section */

/* Begin PBXProject section */
		6A3FB93829BF7D900017EF15 /* Project object */ = {
			isa = PBXProject;
			attributes = {
				BuildIndependentTargetsInParallel = 1;
				LastUpgradeCheck = 1320;
				TargetAttributes = {
					6A3FB93F29BF7D900017EF15 = {
						CreatedOnToolsVersion = 13.2.1;
					};
				};
			};
			buildConfigurationList = 6A3FB93B29BF7D900017EF15 /* Build configuration list for PBXProject "SINGER" */;
			compatibilityVersion = "Xcode 13.0";
			developmentRegion = en;
			hasScannedForEncodings = 0;
			knownRegions = (
				en,
				Base,
			);
			mainGroup = 6A3FB93729BF7D900017EF15;
			productRefGroup = 6A3FB94129BF7D900017EF15 /* Products */;
			projectDirPath = "";
			projectRoot = "";
			targets = (
				6A3FB93F29BF7D900017EF15 /* SINGER */,
			);
		};
/* End PBXProject section */

/* Begin PBXSourcesBuildPhase section */
		6A3FB93C29BF7D900017EF15 /* Sources */ = {
			isa = PBXSourcesBuildPhase;
			buildActionMask = 2147483647;
			files = (
				6A3FB94429BF7D900017EF15 /* main.cpp in Sources */,
				6A3FB95229BF861D0017EF15 /* Tree.cpp in Sources */,
				6A3FB95529BF86480017EF15 /* Recombination.cpp in Sources */,
				6A3FB94F29BF81720017EF15 /* Branch.cpp in Sources */,
				6A3FB94C29BF7FF50017EF15 /* Node.cpp in Sources */,
			);
			runOnlyForDeploymentPostprocessing = 0;
		};
/* End PBXSourcesBuildPhase section */

/* Begin XCBuildConfiguration section */
		6A3FB94529BF7D900017EF15 /* Debug */ = {
			isa = XCBuildConfiguration;
			buildSettings = {
				ALWAYS_SEARCH_USER_PATHS = NO;
				CLANG_ANALYZER_NONNULL = YES;
				CLANG_ANALYZER_NUMBER_OBJECT_CONVERSION = YES_AGGRESSIVE;
				CLANG_CXX_LANGUAGE_STANDARD = "gnu++17";
				CLANG_CXX_LIBRARY = "libc++";
				CLANG_ENABLE_MODULES = YES;
				CLANG_ENABLE_OBJC_ARC = YES;
				CLANG_ENABLE_OBJC_WEAK = YES;
				CLANG_WARN_BLOCK_CAPTURE_AUTORELEASING = YES;
				CLANG_WARN_BOOL_CONVERSION = YES;
				CLANG_WARN_COMMA = YES;
				CLANG_WARN_CONSTANT_CONVERSION = YES;
				CLANG_WARN_DEPRECATED_OBJC_IMPLEMENTATIONS = YES;
				CLANG_WARN_DIRECT_OBJC_ISA_USAGE = YES_ERROR;
				CLANG_WARN_DOCUMENTATION_COMMENTS = YES;
				CLANG_WARN_EMPTY_BODY = YES;
				CLANG_WARN_ENUM_CONVERSION = YES;
				CLANG_WARN_INFINITE_RECURSION = YES;
				CLANG_WARN_INT_CONVERSION = YES;
				CLANG_WARN_NON_LITERAL_NULL_CONVERSION = YES;
				CLANG_WARN_OBJC_IMPLICIT_RETAIN_SELF = YES;
				CLANG_WARN_OBJC_LITERAL_CONVERSION = YES;
				CLANG_WARN_OBJC_ROOT_CLASS = YES_ERROR;
				CLANG_WARN_QUOTED_INCLUDE_IN_FRAMEWORK_HEADER = YES;
				CLANG_WARN_RANGE_LOOP_ANALYSIS = YES;
				CLANG_WARN_STRICT_PROTOTYPES = YES;
				CLANG_WARN_SUSPICIOUS_MOVE = YES;
				CLANG_WARN_UNGUARDED_AVAILABILITY = YES_AGGRESSIVE;
				CLANG_WARN_UNREACHABLE_CODE = YES;
				CLANG_WARN__DUPLICATE_METHOD_MATCH = YES;
				COPY_PHASE_STRIP = NO;
				DEBUG_INFORMATION_FORMAT = dwarf;
				ENABLE_STRICT_OBJC_MSGSEND = YES;
				ENABLE_TESTABILITY = YES;
				GCC_C_LANGUAGE_STANDARD = gnu11;
				GCC_DYNAMIC_NO_PIC = NO;
				GCC_NO_COMMON_BLOCKS = YES;
				GCC_OPTIMIZATION_LEVEL = 0;
				GCC_PREPROCESSOR_DEFINITIONS = (
					"DEBUG=1",
					"$(inherited)",
				);
				GCC_WARN_64_TO_32_BIT_CONVERSION = YES;
				GCC_WARN_ABOUT_RETURN_TYPE = YES_ERROR;
				GCC_WARN_UNDECLARED_SELECTOR = YES;
				GCC_WARN_UNINITIALIZED_AUTOS = YES_AGGRESSIVE;
				GCC_WARN_UNUSED_FUNCTION = YES;
				GCC_WARN_UNUSED_VARIABLE = YES;
				MACOSX_DEPLOYMENT_TARGET = 11.6;
				MTL_ENABLE_DEBUG_INFO = INCLUDE_SOURCE;
				MTL_FAST_MATH = YES;
				ONLY_ACTIVE_ARCH = YES;
				SDKROOT = macosx;
			};
			name = Debug;
		};
		6A3FB94629BF7D900017EF15 /* Release */ = {
			isa = XCBuildConfiguration;
			buildSettings = {
				ALWAYS_SEARCH_USER_PATHS = NO;
				CLANG_ANALYZER_NONNULL = YES;
				CLANG_ANALYZER_NUMBER_OBJECT_CONVERSION = YES_AGGRESSIVE;
				CLANG_CXX_LANGUAGE_STANDARD = "gnu++17";
				CLANG_CXX_LIBRARY = "libc++";
				CLANG_ENABLE_MODULES = YES;
				CLANG_ENABLE_OBJC_ARC = YES;
				CLANG_ENABLE_OBJC_WEAK = YES;
				CLANG_WARN_BLOCK_CAPTURE_AUTORELEASING = YES;
				CLANG_WARN_BOOL_CONVERSION = YES;
				CLANG_WARN_COMMA = YES;
				CLANG_WARN_CONSTANT_CONVERSION = YES;
				CLANG_WARN_DEPRECATED_OBJC_IMPLEMENTATIONS = YES;
				CLANG_WARN_DIRECT_OBJC_ISA_USAGE = YES_ERROR;
				CLANG_WARN_DOCUMENTATION_COMMENTS = YES;
				CLANG_WARN_EMPTY_BODY = YES;
				CLANG_WARN_ENUM_CONVERSION = YES;
				CLANG_WARN_INFINITE_RECURSION = YES;
				CLANG_WARN_INT_CONVERSION = YES;
				CLANG_WARN_NON_LITERAL_NULL_CONVERSION = YES;
				CLANG_WARN_OBJC_IMPLICIT_RETAIN_SELF = YES;
				CLANG_WARN_OBJC_LITERAL_CONVERSION = YES;
				CLANG_WARN_OBJC_ROOT_CLASS = YES_ERROR;
				CLANG_WARN_QUOTED_INCLUDE_IN_FRAMEWORK_HEADER = YES;
				CLANG_WARN_RANGE_LOOP_ANALYSIS = YES;
				CLANG_WARN_STRICT_PROTOTYPES = YES;
				CLANG_WARN_SUSPICIOUS_MOVE = YES;
				CLANG_WARN_UNGUARDED_AVAILABILITY = YES_AGGRESSIVE;
				CLANG_WARN_UNREACHABLE_CODE = YES;
				CLANG_WARN__DUPLICATE_METHOD_MATCH = YES;
				COPY_PHASE_STRIP = NO;
				DEBUG_INFORMATION_FORMAT = "dwarf-with-dsym";
				ENABLE_NS_ASSERTIONS = NO;
				ENABLE_STRICT_OBJC_MSGSEND = YES;
				GCC_C_LANGUAGE_STANDARD = gnu11;
				GCC_NO_COMMON_BLOCKS = YES;
				GCC_WARN_64_TO_32_BIT_CONVERSION = YES;
				GCC_WARN_ABOUT_RETURN_TYPE = YES_ERROR;
				GCC_WARN_UNDECLARED_SELECTOR = YES;
				GCC_WARN_UNINITIALIZED_AUTOS = YES_AGGRESSIVE;
				GCC_WARN_UNUSED_FUNCTION = YES;
				GCC_WARN_UNUSED_VARIABLE = YES;
				MACOSX_DEPLOYMENT_TARGET = 11.6;
				MTL_ENABLE_DEBUG_INFO = NO;
				MTL_FAST_MATH = YES;
				SDKROOT = macosx;
			};
			name = Release;
		};
		6A3FB94829BF7D900017EF15 /* Debug */ = {
			isa = XCBuildConfiguration;
			buildSettings = {
				CODE_SIGN_STYLE = Automatic;
				PRODUCT_NAME = "$(TARGET_NAME)";
			};
			name = Debug;
		};
		6A3FB94929BF7D900017EF15 /* Release */ = {
			isa = XCBuildConfiguration;
			buildSettings = {
				CODE_SIGN_STYLE = Automatic;
				PRODUCT_NAME = "$(TARGET_NAME)";
			};
			name = Release;
		};
/* End XCBuildConfiguration section */

/* Begin XCConfigurationList section */
		6A3FB93B29BF7D900017EF15 /* Build configuration list for PBXProject "SINGER" */ = {
			isa = XCConfigurationList;
			buildConfigurations = (
				6A3FB94529BF7D900017EF15 /* Debug */,
				6A3FB94629BF7D900017EF15 /* Release */,
			);
			defaultConfigurationIsVisible = 0;
			defaultConfigurationName = Release;
		};
		6A3FB94729BF7D900017EF15 /* Build configuration list for PBXNativeTarget "SINGER" */ = {
			isa = XCConfigurationList;
			buildConfigurations = (
				6A3FB94829BF7D900017EF15 /* Debug */,
				6A3FB94929BF7D900017EF15 /* Release */,
			);
			defaultConfigurationIsVisible = 0;
			defaultConfigurationName = Release;
		};
/* End XCConfigurationList section */
	};
	rootObject = 6A3FB93829BF7D900017EF15 /* Project object */;
}
